PODS:
  - contacts_service (0.2.2):
    - Flutter
  - Firebase/CoreOnly (8.10.0):
    - FirebaseCore (= 8.10.0)
  - Firebase/Messaging (8.10.0):
    - Firebase/CoreOnly
    - FirebaseMessaging (~> 8.10.0)
  - firebase_core (1.11.0):
    - Firebase/CoreOnly (= 8.10.0)
    - Flutter
  - firebase_messaging (11.2.5):
    - Firebase/Messaging (= 8.10.0)
    - firebase_core
    - Flutter
  - FirebaseCore (8.10.0):
    - FirebaseCoreDiagnostics (~> 8.0)
    - GoogleUtilities/Environment (~> 7.6)
    - GoogleUtilities/Logger (~> 7.6)
  - FirebaseCoreDiagnostics (8.10.0):
    - GoogleDataTransport (~> 9.1)
    - GoogleUtilities/Environment (~> 7.6)
    - GoogleUtilities/Logger (~> 7.6)
    - nanopb (~> 2.30908.0)
  - FirebaseInstallations (8.10.0):
    - FirebaseCore (~> 8.0)
    - GoogleUtilities/Environment (~> 7.6)
    - GoogleUtilities/UserDefaults (~> 7.6)
    - PromisesObjC (< 3.0, >= 1.2)
  - FirebaseMessaging (8.10.0):
    - FirebaseCore (~> 8.0)
    - FirebaseInstallations (~> 8.0)
    - GoogleDataTransport (~> 9.1)
    - GoogleUtilities/AppDelegateSwizzler (~> 7.6)
    - GoogleUtilities/Environment (~> 7.6)
    - GoogleUtilities/Reachability (~> 7.6)
    - GoogleUtilities/UserDefaults (~> 7.6)
    - nanopb (~> 2.30908.0)
  - Flutter (1.0.0)
  - GoogleDataTransport (9.1.2):
    - GoogleUtilities/Environment (~> 7.2)
    - nanopb (~> 2.30908.0)
    - PromisesObjC (< 3.0, >= 1.2)
  - GoogleUtilities/AppDelegateSwizzler (7.7.0):
    - GoogleUtilities/Environment
    - GoogleUtilities/Logger
    - GoogleUtilities/Network
  - GoogleUtilities/Environment (7.7.0):
    - PromisesObjC (< 3.0, >= 1.2)
  - GoogleUtilities/Logger (7.7.0):
    - GoogleUtilities/Environment
  - GoogleUtilities/Network (7.7.0):
    - GoogleUtilities/Logger
    - "GoogleUtilities/NSData+zlib"
    - GoogleUtilities/Reachability
  - "GoogleUtilities/NSData+zlib (7.7.0)"
  - GoogleUtilities/Reachability (7.7.0):
    - GoogleUtilities/Logger
  - GoogleUtilities/UserDefaults (7.7.0):
    - GoogleUtilities/Logger
  - iamport_flutter (0.0.1):
    - Flutter
  - iamport_webview_flutter (0.0.1):
    - Flutter
  - image_picker (0.0.1):
    - Flutter
  - in_app_purchase_storekit (0.0.1):
    - Flutter
  - nanopb (2.30908.0):
    - nanopb/decode (= 2.30908.0)
    - nanopb/encode (= 2.30908.0)
  - nanopb/decode (2.30908.0)
  - nanopb/encode (2.30908.0)
  - naver_map_plugin (0.9.4):
    - Flutter
    - NMapsMap
  - NMapsMap (3.14.0)
  - "permission_handler (5.1.0+2)":
    - Flutter
  - PromisesObjC (2.0.0)
  - screen_capture_event (0.0.1):
    - Flutter
  - shared_preferences (0.0.1):
    - Flutter
  - uni_links (0.0.1):
    - Flutter
  - url_launcher_ios (0.0.1):
    - Flutter

DEPENDENCIES:
  - contacts_service (from `.symlinks/plugins/contacts_service/ios`)
  - firebase_core (from `.symlinks/plugins/firebase_core/ios`)
  - firebase_messaging (from `.symlinks/plugins/firebase_messaging/ios`)
  - Flutter (from `Flutter`)
  - iamport_flutter (from `.symlinks/plugins/iamport_flutter/ios`)
  - iamport_webview_flutter (from `.symlinks/plugins/iamport_webview_flutter/ios`)
  - image_picker (from `.symlinks/plugins/image_picker/ios`)
  - in_app_purchase_storekit (from `.symlinks/plugins/in_app_purchase_storekit/ios`)
  - naver_map_plugin (from `.symlinks/plugins/naver_map_plugin/ios`)
  - permission_handler (from `.symlinks/plugins/permission_handler/ios`)
  - screen_capture_event (from `.symlinks/plugins/screen_capture_event/ios`)
  - shared_preferences (from `.symlinks/plugins/shared_preferences/ios`)
  - uni_links (from `.symlinks/plugins/uni_links/ios`)
  - url_launcher_ios (from `.symlinks/plugins/url_launcher_ios/ios`)

SPEC REPOS:
  trunk:
    - Firebase
    - FirebaseCore
    - FirebaseCoreDiagnostics
    - FirebaseInstallations
    - FirebaseMessaging
    - GoogleDataTransport
    - GoogleUtilities
    - nanopb
    - NMapsMap
    - PromisesObjC

EXTERNAL SOURCES:
  contacts_service:
    :path: ".symlinks/plugins/contacts_service/ios"
  firebase_core:
    :path: ".symlinks/plugins/firebase_core/ios"
  firebase_messaging:
    :path: ".symlinks/plugins/firebase_messaging/ios"
  Flutter:
    :path: Flutter
  iamport_flutter:
    :path: ".symlinks/plugins/iamport_flutter/ios"
  iamport_webview_flutter:
    :path: ".symlinks/plugins/iamport_webview_flutter/ios"
  image_picker:
    :path: ".symlinks/plugins/image_picker/ios"
  in_app_purchase_storekit:
    :path: ".symlinks/plugins/in_app_purchase_storekit/ios"
  naver_map_plugin:
    :path: ".symlinks/plugins/naver_map_plugin/ios"
  permission_handler:
    :path: ".symlinks/plugins/permission_handler/ios"
  screen_capture_event:
    :path: ".symlinks/plugins/screen_capture_event/ios"
  shared_preferences:
    :path: ".symlinks/plugins/shared_preferences/ios"
  uni_links:
    :path: ".symlinks/plugins/uni_links/ios"
  url_launcher_ios:
    :path: ".symlinks/plugins/url_launcher_ios/ios"

SPEC CHECKSUMS:
  contacts_service: 849e1f84281804c8bfbec1b4c3eedcb23c5d3eca
  Firebase: 44213362f1dcc52555b935dc925ed35ac55f1b20
  firebase_core: 2ca2d6cc8a11693e701b37126afae4800be5dbac
  firebase_messaging: c616c3449770c7e9f4db1ceb3fd2612b0b4d9283
  FirebaseCore: 04186597c095da37d90ff9fd3e53bc61a1ff2440
  FirebaseCoreDiagnostics: 56fb7216d87e0e6ec2feddefa9d8a392fe8b2c18
  FirebaseInstallations: 830327b45345ffc859eaa9c17bcd5ae893fd5425
  FirebaseMessaging: b0aeba17332ee1ee610662b4d1e02a86db82f08f
  Flutter: 50d75fe2f02b26cc09d224853bb45737f8b3214a
  GoogleDataTransport: 629c20a4d363167143f30ea78320d5a7eb8bd940
  GoogleUtilities: e0913149f6b0625b553d70dae12b49fc62914fd1
  iamport_flutter: f698983444b7c0f83e356407631cfeec77a776bf
  iamport_webview_flutter: 70dbc31045e4cf7a0c829b76c6f8319dc94b299e
  image_picker: e06f7a68f000bd36f552c1847e33cda96ed31f1f
  in_app_purchase_storekit: 6dec89fe3b9698847ed4aaf65fde6c17491620ad
  nanopb: a0ba3315591a9ae0a16a309ee504766e90db0c96
  naver_map_plugin: d1d67733c56b20b88270d9da51218e18fa916232
  NMapsMap: 61c2abfc409bbcdc91583ccc455a5b6f64c7414e
  permission_handler: ccb20a9fad0ee9b1314a52b70b76b473c5f8dab0
  PromisesObjC: 68159ce6952d93e17b2dfe273b8c40907db5ba58
  screen_capture_event: bcf965bb31968a51c08ad3698725c5ad8c597124
  shared_preferences: af6bfa751691cdc24be3045c43ec037377ada40d
  uni_links: d97da20c7701486ba192624d99bffaaffcfc298a
  url_launcher_ios: 02f1989d4e14e998335b02b67a7590fa34f971af

PODFILE CHECKSUM: 88a4bf9d6511e6712cbce1e3082a7fa80e6c6727

COCOAPODS: 1.11.3
